
Microsoft Visual Studio Solution File, Format Version 12.00
# Visual Studio Version 17
VisualStudioVersion = 17.9.34902.65
MinimumVisualStudioVersion = 10.0.40219.1
Project("{FAE04EC0-301F-11D3-BF4B-00C04F79EFBC}") = "MetodosComParametrosCsharp02", "MetodosComParametrosCsharp02.csproj", "{B9877A7A-14EA-43C0-8811-47026A8FBF04}"
EndProject
Global
	GlobalSection(SolutionConfigurationPlatforms) = preSolution
		Debug|Any CPU = Debug|Any CPU
		Release|Any CPU = Release|Any CPU
	EndGlobalSection
	GlobalSection(ProjectConfigurationPlatforms) = postSolution
		{B9877A7A-14EA-43C0-8811-47026A8FBF04}.Debug|Any CPU.ActiveCfg = Debug|Any CPU
		{B9877A7A-14EA-43C0-8811-47026A8FBF04}.Debug|Any CPU.Build.0 = Debug|Any CPU
		{B9877A7A-14EA-43C0-8811-47026A8FBF04}.Release|Any CPU.ActiveCfg = Release|Any CPU
		{B9877A7A-14EA-43C0-8811-47026A8FBF04}.Release|Any CPU.Build.0 = Release|Any CPU
	EndGlobalSection
	GlobalSection(SolutionProperties) = preSolution
		HideSolutionNode = FALSE
	EndGlobalSection
	GlobalSection(ExtensibilityGlobals) = postSolution
		SolutionGuid = {5394327D-68D1-4793-8124-F166CF210B97}
	EndGlobalSection
EndGlobal
